
Microsoft Visual Studio Solution File, Format Version 11.00
# Visual Studio 2010
Project("{8BC9CEB8-8B4A-11D0-8D11-00A0C91BC942}") = "lab 13", "lab 13\lab 13.vcxproj", "{658090B6-0055-424A-8B67-E9C1E6492788}"
EndProject
Global
	GlobalSection(SolutionConfigurationPlatforms) = preSolution
		Debug|Win32 = Debug|Win32
		Release|Win32 = Release|Win32
	EndGlobalSection
	GlobalSection(ProjectConfigurationPlatforms) = postSolution
		{658090B6-0055-424A-8B67-E9C1E6492788}.Debug|Win32.ActiveCfg = Debug|Win32
		{658090B6-0055-424A-8B67-E9C1E6492788}.Debug|Win32.Build.0 = Debug|Win32
		{658090B6-0055-424A-8B67-E9C1E6492788}.Release|Win32.ActiveCfg = Release|Win32
		{658090B6-0055-424A-8B67-E9C1E6492788}.Release|Win32.Build.0 = Release|Win32
	EndGlobalSection
	GlobalSection(SolutionProperties) = preSolution
		HideSolutionNode = FALSE
	EndGlobalSection
EndGlobal
