
Microsoft Visual Studio Solution File, Format Version 11.00
# Visual Studio 2010
Project("{8BC9CEB8-8B4A-11D0-8D11-00A0C91BC942}") = "lab3", "lab3\lab3.vcxproj", "{15FC7FD2-0F21-4C6C-B0F0-DDFF3D07B829}"
EndProject
Global
	GlobalSection(SolutionConfigurationPlatforms) = preSolution
		Debug|Win32 = Debug|Win32
		Release|Win32 = Release|Win32
	EndGlobalSection
	GlobalSection(ProjectConfigurationPlatforms) = postSolution
		{15FC7FD2-0F21-4C6C-B0F0-DDFF3D07B829}.Debug|Win32.ActiveCfg = Debug|Win32
		{15FC7FD2-0F21-4C6C-B0F0-DDFF3D07B829}.Debug|Win32.Build.0 = Debug|Win32
		{15FC7FD2-0F21-4C6C-B0F0-DDFF3D07B829}.Release|Win32.ActiveCfg = Release|Win32
		{15FC7FD2-0F21-4C6C-B0F0-DDFF3D07B829}.Release|Win32.Build.0 = Release|Win32
	EndGlobalSection
	GlobalSection(SolutionProperties) = preSolution
		HideSolutionNode = FALSE
	EndGlobalSection
EndGlobal
